<?xml version="1.0" encoding="utf-8"?>
<Project ToolsVersion="4.0" xmlns="http://schemas.microsoft.com/developer/msbuild/2003">
  <ItemGroup>
    <Object Include="Debug\Animation.obj">
      <Filter>FrameWork\Debug</Filter>
    </Object>
    <Object Include="Debug\Camera.obj">
      <Filter>FrameWork\Debug</Filter>
    </Object>
    <Object Include="Debug\DynusScene.obj">
      <Filter>FrameWork\Debug</Filter>
    </Object>
    <Object Include="Debug\FarmScene.obj">
      <Filter>FrameWork\Debug</Filter>
    </Object>
    <Object Include="Debug\FontManager.obj">
      <Filter>FrameWork\Debug</Filter>
    </Object>
    <Object Include="Debug\GameNode.obj">
      <Filter>FrameWork\Debug</Filter>
    </Object>
    <Object Include="Debug\GImage.obj">
      <Filter>FrameWork\Debug</Filter>
    </Object>
    <Object Include="Debug\GPImage.obj">
      <Filter>FrameWork\Debug</Filter>
    </Object>
    <Object Include="Debug\KeyManager.obj">
      <Filter>FrameWork\Debug</Filter>
    </Object>
    <Object Include="Debug\ImageManager.obj">
      <Filter>FrameWork\Debug</Filter>
    </Object>
    <Object Include="Debug\IntroScene.obj">
      <Filter>FrameWork\Debug</Filter>
    </Object>
    <Object Include="Debug\Resources.obj">
      <Filter>FrameWork\Debug</Filter>
    </Object>
    <Object Include="Debug\MapToolScene.obj">
      <Filter>FrameWork\Debug</Filter>
    </Object>
    <Object Include="Debug\MainGame.obj">
      <Filter>FrameWork\Debug</Filter>
    </Object>
    <Object Include="Debug\Utils.obj">
      <Filter>FrameWork\Debug</Filter>
    </Object>
    <Object Include="Debug\TimeManager.obj">
      <Filter>FrameWork\Debug</Filter>
    </Object>
    <Object Include="Debug\Timer.obj">
      <Filter>FrameWork\Debug</Filter>
    </Object>
    <Object Include="Debug\TitleScene.obj">
      <Filter>FrameWork\Debug</Filter>
    </Object>
    <Object Include="Debug\TownScene.obj">
      <Filter>FrameWork\Debug</Filter>
    </Object>
    <Object Include="Debug\UI.obj">
      <Filter>FrameWork\Debug</Filter>
    </Object>
    <Object Include="Debug\SceneManager.obj">
      <Filter>FrameWork\Debug</Filter>
    </Object>
    <Object Include="Debug\ShopScene.obj">
      <Filter>FrameWork\Debug</Filter>
    </Object>
    <Object Include="Debug\SoundManager.obj">
      <Filter>FrameWork\Debug</Filter>
    </Object>
    <Object Include="Debug\Stdafx.obj">
      <Filter>FrameWork\Debug</Filter>
    </Object>
    <Object Include="Debug\WinMain.obj">
      <Filter>FrameWork\Debug</Filter>
    </Object>
  </ItemGroup>
  <ItemGroup>
    <ClCompile Include="MainGame.cpp" />
    <ClCompile Include="WinMain.cpp" />
    <ClCompile Include="Class\Camera.cpp">
      <Filter>Class</Filter>
    </ClCompile>
    <ClCompile Include="Class\Inventory.cpp">
      <Filter>Class</Filter>
    </ClCompile>
    <ClCompile Include="Class\UI\UI.cpp">
      <Filter>Class\UI</Filter>
    </ClCompile>
    <ClCompile Include="Class\UI\ProgressBar.cpp">
      <Filter>Class\UI</Filter>
    </ClCompile>
    <ClCompile Include="Class\UI\Buttons.cpp">
      <Filter>Class\UI</Filter>
    </ClCompile>
    <ClCompile Include="Class\Skill\CombatSkill.cpp">
      <Filter>Class\Skill</Filter>
    </ClCompile>
    <ClCompile Include="Class\Skill\ExplorationSkill.cpp">
      <Filter>Class\Skill</Filter>
    </ClCompile>
    <ClCompile Include="Class\Skill\FarmingSkill.cpp">
      <Filter>Class\Skill</Filter>
    </ClCompile>
    <ClCompile Include="Class\Skill\FishingSkill.cpp">
      <Filter>Class\Skill</Filter>
    </ClCompile>
    <ClCompile Include="Class\Skill\Skill.cpp">
      <Filter>Class\Skill</Filter>
    </ClCompile>
    <ClCompile Include="Class\Skill\MiningSkill.cpp">
      <Filter>Class\Skill</Filter>
    </ClCompile>
    <ClCompile Include="Class\Skill\SkillManager.cpp">
      <Filter>Class\Skill</Filter>
    </ClCompile>
    <ClCompile Include="Class\Object\Grass.cpp">
      <Filter>Class\Object</Filter>
    </ClCompile>
    <ClCompile Include="Class\Object\Object.cpp">
      <Filter>Class\Object</Filter>
    </ClCompile>
    <ClCompile Include="Class\Object\ObjectManager.cpp">
      <Filter>Class\Object</Filter>
    </ClCompile>
    <ClCompile Include="Class\Object\Rock.cpp">
      <Filter>Class\Object</Filter>
    </ClCompile>
    <ClCompile Include="Class\Object\Tree.cpp">
      <Filter>Class\Object</Filter>
    </ClCompile>
    <ClCompile Include="Class\NPC\Lynn.cpp">
      <Filter>Class\NPC</Filter>
    </ClCompile>
    <ClCompile Include="Class\Enemy\Enemy.cpp">
      <Filter>Class\Enemy</Filter>
    </ClCompile>
    <ClCompile Include="Class\Enemy\EnemyManager.cpp">
      <Filter>Class\Enemy</Filter>
    </ClCompile>
    <ClCompile Include="Class\Enemy\FlameImp.cpp">
      <Filter>Class\Enemy</Filter>
    </ClCompile>
    <ClCompile Include="Class\Enemy\Rootwalker.cpp">
      <Filter>Class\Enemy</Filter>
    </ClCompile>
    <ClCompile Include="Class\Enemy\Shadeclaw.cpp">
      <Filter>Class\Enemy</Filter>
    </ClCompile>
    <ClCompile Include="Class\Enemy\SteelSlug.cpp">
      <Filter>Class\Enemy</Filter>
    </ClCompile>
    <ClCompile Include="Class\Data\PlayerData.cpp">
      <Filter>Class\Data</Filter>
    </ClCompile>
    <ClCompile Include="Class\Data\INIData.cpp">
      <Filter>Class\Data</Filter>
    </ClCompile>
    <ClCompile Include="Class\Data\ItemData.cpp">
      <Filter>Class\Data</Filter>
    </ClCompile>
    <ClCompile Include="Class\Data\JsonSaveLoader.cpp">
      <Filter>Class\Data</Filter>
    </ClCompile>
    <ClCompile Include="Class\Bullets\Bullets.cpp">
      <Filter>Class\Bullets</Filter>
    </ClCompile>
    <ClCompile Include="Class\Boss\Dizzy.cpp">
      <Filter>Class\Boss</Filter>
    </ClCompile>
    <ClCompile Include="Class\Boss\Dynus.cpp">
      <Filter>Class\Boss</Filter>
    </ClCompile>
    <ClCompile Include="FrameWork\Animation\Animation.cpp">
      <Filter>FrameWork\Animation</Filter>
    </ClCompile>
    <ClCompile Include="FrameWork\GameNode\GameNode.cpp">
      <Filter>FrameWork\GameNode</Filter>
    </ClCompile>
    <ClCompile Include="FrameWork\GImage\GImage.cpp">
      <Filter>FrameWork\GImage</Filter>
    </ClCompile>
    <ClCompile Include="FrameWork\GPImage\GPImage.cpp">
      <Filter>FrameWork\GPImage</Filter>
    </ClCompile>
    <ClCompile Include="FrameWork\PCH\Stdafx.cpp">
      <Filter>FrameWork\PCH</Filter>
    </ClCompile>
    <ClCompile Include="FrameWork\Timer\Timer.cpp">
      <Filter>FrameWork\Timer</Filter>
    </ClCompile>
    <ClCompile Include="FrameWork\Utility\Utils.cpp">
      <Filter>FrameWork\Utility</Filter>
    </ClCompile>
    <ClCompile Include="Manager\DataManager.cpp">
      <Filter>Manager</Filter>
    </ClCompile>
    <ClCompile Include="Scene\Collision.cpp">
      <Filter>Scene</Filter>
    </ClCompile>
    <ClCompile Include="Scene\DizzyScene.cpp">
      <Filter>Scene</Filter>
    </ClCompile>
    <ClCompile Include="Scene\DynusScene.cpp">
      <Filter>Scene</Filter>
    </ClCompile>
    <ClCompile Include="Scene\FarmScene.cpp">
      <Filter>Scene</Filter>
    </ClCompile>
    <ClCompile Include="Manager\FontManager.cpp">
      <Filter>Manager</Filter>
    </ClCompile>
    <ClCompile Include="Manager\ImageManager.cpp">
      <Filter>Manager</Filter>
    </ClCompile>
    <ClCompile Include="Scene\IntroScene.cpp">
      <Filter>Scene</Filter>
    </ClCompile>
    <ClCompile Include="Manager\KeyManager.cpp">
      <Filter>Manager</Filter>
    </ClCompile>
    <ClCompile Include="Scene\MapToolScene.cpp">
      <Filter>Scene</Filter>
    </ClCompile>
    <ClCompile Include="Scene\MineScene.cpp">
      <Filter>Scene</Filter>
    </ClCompile>
    <ClCompile Include="Player\Player.cpp">
      <Filter>Player</Filter>
    </ClCompile>
    <ClCompile Include="Resources.cpp">
      <Filter>Resources</Filter>
    </ClCompile>
    <ClCompile Include="Scene\TitleScene.cpp">
      <Filter>Scene</Filter>
    </ClCompile>
    <ClCompile Include="Manager\TimeManager.cpp">
      <Filter>Manager</Filter>
    </ClCompile>
    <ClCompile Include="Manager\SoundManager.cpp">
      <Filter>Manager</Filter>
    </ClCompile>
    <ClCompile Include="Manager\SceneManager.cpp">
      <Filter>Manager</Filter>
    </ClCompile>
    <ClCompile Include="Scene\ShopScene.cpp">
      <Filter>Scene</Filter>
    </ClCompile>
  </ItemGroup>
  <ItemGroup>
    <ClInclude Include="MainGame.h" />
    <ClInclude Include="Class\Camera.h">
      <Filter>Class</Filter>
    </ClInclude>
    <ClInclude Include="Class\Inventory.h">
      <Filter>Class</Filter>
    </ClInclude>
    <ClInclude Include="Class\UI\UI.h">
      <Filter>Class\UI</Filter>
    </ClInclude>
    <ClInclude Include="Class\UI\ProgressBar.h">
      <Filter>Class\UI</Filter>
    </ClInclude>
    <ClInclude Include="Class\UI\Buttons.h">
      <Filter>Class\UI</Filter>
    </ClInclude>
    <ClInclude Include="Class\Skill\CombatSkill.h">
      <Filter>Class\Skill</Filter>
    </ClInclude>
    <ClInclude Include="Class\Skill\ExplorationSkill.h">
      <Filter>Class\Skill</Filter>
    </ClInclude>
    <ClInclude Include="Class\Skill\FarmingSkill.h">
      <Filter>Class\Skill</Filter>
    </ClInclude>
    <ClInclude Include="Class\Skill\FishingSkill.h">
      <Filter>Class\Skill</Filter>
    </ClInclude>
    <ClInclude Include="Class\Skill\Skill.h">
      <Filter>Class\Skill</Filter>
    </ClInclude>
    <ClInclude Include="Class\Skill\MiningSkill.h">
      <Filter>Class\Skill</Filter>
    </ClInclude>
    <ClInclude Include="Class\Skill\SkillManager.h">
      <Filter>Class\Skill</Filter>
    </ClInclude>
    <ClInclude Include="Class\Object\Grass.h">
      <Filter>Class\Object</Filter>
    </ClInclude>
    <ClInclude Include="Class\Object\Object.h">
      <Filter>Class\Object</Filter>
    </ClInclude>
    <ClInclude Include="Class\Object\ObjectManager.h">
      <Filter>Class\Object</Filter>
    </ClInclude>
    <ClInclude Include="Class\Object\Rock.h">
      <Filter>Class\Object</Filter>
    </ClInclude>
    <ClInclude Include="Class\Object\Tree.h">
      <Filter>Class\Object</Filter>
    </ClInclude>
    <ClInclude Include="Class\NPC\Lynn.h">
      <Filter>Class\NPC</Filter>
    </ClInclude>
    <ClInclude Include="Class\Enemy\Enemy.h">
      <Filter>Class\Enemy</Filter>
    </ClInclude>
    <ClInclude Include="Class\Enemy\EnemyManager.h">
      <Filter>Class\Enemy</Filter>
    </ClInclude>
    <ClInclude Include="Class\Enemy\FlameImp.h">
      <Filter>Class\Enemy</Filter>
    </ClInclude>
    <ClInclude Include="Class\Enemy\Rootwalker.h">
      <Filter>Class\Enemy</Filter>
    </ClInclude>
    <ClInclude Include="Class\Enemy\Shadeclaw.h">
      <Filter>Class\Enemy</Filter>
    </ClInclude>
    <ClInclude Include="Class\Enemy\SteelSlug.h">
      <Filter>Class\Enemy</Filter>
    </ClInclude>
    <ClInclude Include="Class\Data\PlayerData.h">
      <Filter>Class\Data</Filter>
    </ClInclude>
    <ClInclude Include="Class\Data\INIData.h">
      <Filter>Class\Data</Filter>
    </ClInclude>
    <ClInclude Include="Class\Data\ItemData.h">
      <Filter>Class\Data</Filter>
    </ClInclude>
    <ClInclude Include="Class\Data\JsonSaveLoader.h">
      <Filter>Class\Data</Filter>
    </ClInclude>
    <ClInclude Include="Class\Bullets\Bullets.h">
      <Filter>Class\Bullets</Filter>
    </ClInclude>
    <ClInclude Include="Class\Boss\Dizzy.h">
      <Filter>Class\Boss</Filter>
    </ClInclude>
    <ClInclude Include="Class\Boss\Dynus.h">
      <Filter>Class\Boss</Filter>
    </ClInclude>
    <ClInclude Include="FrameWork\Animation\Animation.h">
      <Filter>FrameWork\Animation</Filter>
    </ClInclude>
    <ClInclude Include="FrameWork\GameNode\GameNode.h">
      <Filter>FrameWork\GameNode</Filter>
    </ClInclude>
    <ClInclude Include="FrameWork\GImage\GImage.h">
      <Filter>FrameWork\GImage</Filter>
    </ClInclude>
    <ClInclude Include="FrameWork\GPImage\GPImage.h">
      <Filter>FrameWork\GPImage</Filter>
    </ClInclude>
    <ClInclude Include="FrameWork\PCH\Stdafx.h">
      <Filter>FrameWork\PCH</Filter>
    </ClInclude>
    <ClInclude Include="FrameWork\SingletonBase\SingletonBase.h">
      <Filter>FrameWork\SingletonBase</Filter>
    </ClInclude>
    <ClInclude Include="FrameWork\Timer\Timer.h">
      <Filter>FrameWork\Timer</Filter>
    </ClInclude>
    <ClInclude Include="FrameWork\Utility\CommonMacroFunction.h">
      <Filter>FrameWork\Utility</Filter>
    </ClInclude>
    <ClInclude Include="FrameWork\Utility\Utils.h">
      <Filter>FrameWork\Utility</Filter>
    </ClInclude>
    <ClInclude Include="FrameWork\Utility\RandomFunction.h">
      <Filter>FrameWork\Utility</Filter>
    </ClInclude>
    <ClInclude Include="Manager\DataManager.h">
      <Filter>Manager</Filter>
    </ClInclude>
    <ClInclude Include="Scene\DizzyScene.h">
      <Filter>Scene</Filter>
    </ClInclude>
    <ClInclude Include="Scene\DynusScene.h">
      <Filter>Scene</Filter>
    </ClInclude>
    <ClInclude Include="Scene\FarmScene.h">
      <Filter>Scene</Filter>
    </ClInclude>
    <ClInclude Include="Manager\FontManager.h">
      <Filter>Manager</Filter>
    </ClInclude>
    <ClInclude Include="Manager\ImageManager.h">
      <Filter>Manager</Filter>
    </ClInclude>
    <ClInclude Include="Scene\IntroScene.h">
      <Filter>Scene</Filter>
    </ClInclude>
    <ClInclude Include="Manager\KeyManager.h">
      <Filter>Manager</Filter>
    </ClInclude>
    <ClInclude Include="Scene\MapToolScene.h">
      <Filter>Scene</Filter>
    </ClInclude>
    <ClInclude Include="Scene\MineScene.h">
      <Filter>Scene</Filter>
    </ClInclude>
    <ClInclude Include="Player\Player.h">
      <Filter>Resources</Filter>
    </ClInclude>
    <ClInclude Include="Resources.h">
      <Filter>Resources</Filter>
    </ClInclude>
    <ClInclude Include="Scene\TitleScene.h">
      <Filter>Scene</Filter>
    </ClInclude>
    <ClInclude Include="Manager\TimeManager.h">
      <Filter>Manager</Filter>
    </ClInclude>
    <ClInclude Include="Manager\SoundManager.h">
      <Filter>Manager</Filter>
    </ClInclude>
    <ClInclude Include="inc\FMOD\fmod.hpp">
      <Filter>FMOD</Filter>
    </ClInclude>
    <ClInclude Include="Json\json.h">
      <Filter>JSON</Filter>
    </ClInclude>
    <ClInclude Include="Manager\SceneManager.h">
      <Filter>Manager</Filter>
    </ClInclude>
    <ClInclude Include="Scene\ShopScene.h">
      <Filter>Scene</Filter>
    </ClInclude>
  </ItemGroup>
  <ItemGroup>
    <None Include="Debug\SunHaven.tlog\CL.command.1.tlog">
      <Filter>FrameWork\Debug</Filter>
    </None>
    <None Include="Debug\SunHaven.tlog\CL.read.1.tlog">
      <Filter>FrameWork\Debug</Filter>
    </None>
    <None Include="Debug\SunHaven.tlog\CL.write.1.tlog">
      <Filter>FrameWork\Debug</Filter>
    </None>
    <None Include="Debug\SunHaven.tlog\link.command.1.tlog">
      <Filter>FrameWork\Debug</Filter>
    </None>
    <None Include="Debug\SunHaven.tlog\link.delete.1.tlog">
      <Filter>FrameWork\Debug</Filter>
    </None>
    <None Include="Debug\SunHaven.tlog\link.read.1.tlog">
      <Filter>FrameWork\Debug</Filter>
    </None>
    <None Include="Debug\SunHaven.tlog\link.write.1.tlog">
      <Filter>FrameWork\Debug</Filter>
    </None>
    <None Include="fmodex.dll">
      <Filter>FMOD</Filter>
    </None>
    <None Include="Schema\Item.json">
      <Filter>JSON</Filter>
    </None>
    <None Include="Schema\Player.json">
      <Filter>JSON</Filter>
    </None>
    <None Include="INIData\temp.ini.ini">
      <Filter>INI</Filter>
    </None>
    <None Include="INIData\tempINIFile.ini">
      <Filter>INI</Filter>
    </None>
    <None Include="Debug\vc142.pdb">
      <Filter>FrameWork\Debug</Filter>
    </None>
    <None Include="Debug\vc142.idb">
      <Filter>FrameWork\Debug</Filter>
    </None>
    <None Include="Debug\SunHaven.tlog\SunHaven.lastbuildstate">
      <Filter>FrameWork\Debug</Filter>
    </None>
    <None Include="Stdafx.pch">
      <Filter>FrameWork\PCH</Filter>
    </None>
    <None Include="Debug\SunHaven.pch">
      <Filter>FrameWork\PCH</Filter>
    </None>
  </ItemGroup>
  <ItemGroup>
    <Filter Include="Class">
      <UniqueIdentifier>{78d4b883-4064-4b60-acf3-57e6368ac346}</UniqueIdentifier>
    </Filter>
    <Filter Include="Class\Boss">
      <UniqueIdentifier>{0318e739-2db7-4bf7-8cd0-834dbd37b1c2}</UniqueIdentifier>
    </Filter>
    <Filter Include="Class\Bullets">
      <UniqueIdentifier>{51bc0b11-8a36-4375-969f-6eb0bf1827d5}</UniqueIdentifier>
    </Filter>
    <Filter Include="Class\Data">
      <UniqueIdentifier>{a58485d1-dc10-4d94-bbb2-b2c9d9c23f94}</UniqueIdentifier>
    </Filter>
    <Filter Include="Class\Enemy">
      <UniqueIdentifier>{19715342-f15b-4e10-b755-dd2667cdbddb}</UniqueIdentifier>
    </Filter>
    <Filter Include="Class\NPC">
      <UniqueIdentifier>{83146884-6b9d-44c4-af24-89479eb2cfeb}</UniqueIdentifier>
    </Filter>
    <Filter Include="Class\Object">
      <UniqueIdentifier>{98ca3fd6-c3e2-407a-9b34-39d2e7e49fac}</UniqueIdentifier>
    </Filter>
    <Filter Include="Class\Skill">
      <UniqueIdentifier>{fb0e7e4a-0796-47b1-99c7-3f323dbdafe2}</UniqueIdentifier>
    </Filter>
    <Filter Include="Class\UI">
      <UniqueIdentifier>{e549617b-09b1-484c-9b3e-a74589c2e723}</UniqueIdentifier>
    </Filter>
    <Filter Include="FrameWork">
      <UniqueIdentifier>{e6a7ff7e-5275-4fb2-b0a1-324fec9e2f7c}</UniqueIdentifier>
    </Filter>
    <Filter Include="FrameWork\Animation">
      <UniqueIdentifier>{026e2b3e-de32-4d46-8964-6e22ebd797da}</UniqueIdentifier>
    </Filter>
    <Filter Include="FrameWork\GameNode">
      <UniqueIdentifier>{f3ac5880-872c-480e-9b95-ae003a110026}</UniqueIdentifier>
    </Filter>
    <Filter Include="FrameWork\GImage">
      <UniqueIdentifier>{05cab707-d715-451b-a586-5390ac3ec880}</UniqueIdentifier>
    </Filter>
    <Filter Include="FrameWork\GPImage">
      <UniqueIdentifier>{61d2d604-061e-41d0-9332-758e5e7bd3ea}</UniqueIdentifier>
    </Filter>
    <Filter Include="FrameWork\PCH">
      <UniqueIdentifier>{a8d173a4-07db-480e-a136-4d465c9d720e}</UniqueIdentifier>
    </Filter>
    <Filter Include="FrameWork\SingletonBase">
      <UniqueIdentifier>{e89bf076-5e75-4f24-b614-2457deaeede6}</UniqueIdentifier>
    </Filter>
    <Filter Include="FrameWork\Timer">
      <UniqueIdentifier>{cba901bc-b6fc-412e-a0e2-83d242f670cc}</UniqueIdentifier>
    </Filter>
    <Filter Include="FrameWork\Utility">
      <UniqueIdentifier>{950a8400-14d3-4940-ab99-89d232d72465}</UniqueIdentifier>
    </Filter>
    <Filter Include="Manager">
      <UniqueIdentifier>{245b8f73-af47-4444-85c2-5474a9f4c920}</UniqueIdentifier>
    </Filter>
    <Filter Include="Player">
      <UniqueIdentifier>{5b05a2a9-911d-4928-a6de-e783b6d39519}</UniqueIdentifier>
    </Filter>
    <Filter Include="Resources">
      <UniqueIdentifier>{b5443e3d-f455-4d9d-8f4c-c31cdabade54}</UniqueIdentifier>
    </Filter>
    <Filter Include="Scene">
      <UniqueIdentifier>{6a931e78-5369-4af9-9eb8-4189d460f59a}</UniqueIdentifier>
    </Filter>
    <Filter Include="FMOD">
      <UniqueIdentifier>{078d457c-7763-4336-a60c-fbcc3693a97c}</UniqueIdentifier>
    </Filter>
    <Filter Include="JSON">
      <UniqueIdentifier>{3352299d-c2fd-444a-9494-aeae9e7db6bf}</UniqueIdentifier>
    </Filter>
    <Filter Include="INI">
      <UniqueIdentifier>{519e9bf6-9116-46fb-9f3e-44a121b6f0fe}</UniqueIdentifier>
    </Filter>
    <Filter Include="FrameWork\Debug">
      <UniqueIdentifier>{51b85b66-184e-4fe9-8515-3a63270ab9dc}</UniqueIdentifier>
    </Filter>
  </ItemGroup>
  <ItemGroup>
    <Library Include="lib\FMOD\fmodex_vc.lib">
      <Filter>FMOD</Filter>
    </Library>
  </ItemGroup>
  <ItemGroup>
    <Text Include="Debug\SunHaven.log">
      <Filter>FrameWork\Debug</Filter>
    </Text>
  </ItemGroup>
</Project>