<?xml version="1.0" encoding="utf-8"?>
<Project ToolsVersion="4.0" xmlns="http://schemas.microsoft.com/developer/msbuild/2003">
  <ItemGroup>
    <ClCompile Include="Camera.cpp" />
    <ClCompile Include="FontManager.cpp" />
    <ClCompile Include="GameNode.cpp" />
    <ClCompile Include="GImage.cpp" />
    <ClCompile Include="GPImage.cpp" />
    <ClCompile Include="ImageManager.cpp" />
    <ClCompile Include="KeyManager.cpp" />
    <ClCompile Include="MainGame.cpp" />
    <ClCompile Include="MapToolScene.cpp" />
    <ClCompile Include="Resources.cpp" />
    <ClCompile Include="SceneManager.cpp" />
    <ClCompile Include="SoundManager.cpp" />
    <ClCompile Include="Stdafx.cpp" />
    <ClCompile Include="TimeManager.cpp" />
    <ClCompile Include="Timer.cpp" />
    <ClCompile Include="TitleScene.cpp" />
    <ClCompile Include="WinMain.cpp" />
    <ClCompile Include="Dynus.cpp" />
    <ClCompile Include="EnemyManager.cpp" />
    <ClCompile Include="Enemy.cpp" />
    <ClCompile Include="Bullets.cpp" />
  </ItemGroup>
  <ItemGroup>
    <ClInclude Include="Camera.h" />
    <ClInclude Include="CommonMacroFunction.h" />
    <ClInclude Include="FontManager.h" />
    <ClInclude Include="GameNode.h" />
    <ClInclude Include="GImage.h" />
    <ClInclude Include="GPImage.h" />
    <ClInclude Include="ImageManager.h" />
    <ClInclude Include="KeyManager.h" />
    <ClInclude Include="MainGame.h" />
    <ClInclude Include="MapToolScene.h" />
    <ClInclude Include="RandomFunction.h" />
    <ClInclude Include="resource.h" />
    <ClInclude Include="Resources.h" />
    <ClInclude Include="SceneManager.h" />
    <ClInclude Include="SingletonBase.h" />
    <ClInclude Include="SoundManager.h" />
    <ClInclude Include="Stdafx.h" />
    <ClInclude Include="TimeManager.h" />
    <ClInclude Include="Timer.h" />
    <ClInclude Include="TitleScene.h" />
    <ClInclude Include="Dynus.h" />
    <ClInclude Include="EnemyManager.h" />
    <ClInclude Include="Enemy.h" />
    <ClInclude Include="Bullets.h" />
  </ItemGroup>
  <ItemGroup>
    <ResourceCompile Include="SunHaven.rc" />
  </ItemGroup>
  <ItemGroup>
    <None Include="cursor1.cur" />
  </ItemGroup>
</Project>