
Microsoft Visual Studio Solution File, Format Version 12.00
# Visual Studio Version 16
VisualStudioVersion = 16.0.33801.447
MinimumVisualStudioVersion = 10.0.40219.1
Project("{8BC9CEB8-8B4A-11D0-8D11-00A0C91BC942}") = "SunHaven", "SunHaven\SunHaven.vcxproj", "{304D6EC7-94B4-478A-BA21-8AC06E678AC3}"
EndProject
Global
	GlobalSection(SolutionConfigurationPlatforms) = preSolution
		Debug|x64 = Debug|x64
		Debug|x86 = Debug|x86
		Release|x64 = Release|x64
		Release|x86 = Release|x86
	EndGlobalSection
	GlobalSection(ProjectConfigurationPlatforms) = postSolution
		{304D6EC7-94B4-478A-BA21-8AC06E678AC3}.Debug|x64.ActiveCfg = Debug|x64
		{304D6EC7-94B4-478A-BA21-8AC06E678AC3}.Debug|x64.Build.0 = Debug|x64
		{304D6EC7-94B4-478A-BA21-8AC06E678AC3}.Debug|x86.ActiveCfg = Debug|Win32
		{304D6EC7-94B4-478A-BA21-8AC06E678AC3}.Debug|x86.Build.0 = Debug|Win32
		{304D6EC7-94B4-478A-BA21-8AC06E678AC3}.Release|x64.ActiveCfg = Release|x64
		{304D6EC7-94B4-478A-BA21-8AC06E678AC3}.Release|x64.Build.0 = Release|x64
		{304D6EC7-94B4-478A-BA21-8AC06E678AC3}.Release|x86.ActiveCfg = Release|Win32
		{304D6EC7-94B4-478A-BA21-8AC06E678AC3}.Release|x86.Build.0 = Release|Win32
	EndGlobalSection
	GlobalSection(SolutionProperties) = preSolution
		HideSolutionNode = FALSE
	EndGlobalSection
	GlobalSection(ExtensibilityGlobals) = postSolution
		SolutionGuid = {8489ED95-EA99-4FB7-8679-FBB4022B046C}
	EndGlobalSection
EndGlobal
